
Microsoft Visual Studio Solution File, Format Version 12.00
Project("{2150E333-8FDC-42A3-9474-1A3956D46DE8}") = "src", "src", "{383FF641-093B-4469-BB98-96A82081736C}"
EndProject
Project("{2150E333-8FDC-42A3-9474-1A3956D46DE8}") = "Luka", "Luka", "{36A42853-9775-4C9F-9215-DB9D9B52573C}"
EndProject
Project("{2150E333-8FDC-42A3-9474-1A3956D46DE8}") = "src", "src", "{ACAF0384-843C-4ED8-9F2C-96C8DB393BA1}"
EndProject
Project("{FAE04EC0-301F-11D3-BF4B-00C04F79EFBC}") = "Luka", "src\Luka\src\Luka\Luka.csproj", "{972B65A1-D89C-4CCC-AB61-F6267CF2D493}"
EndProject
Project("{2150E333-8FDC-42A3-9474-1A3956D46DE8}") = "Luka.Auth", "Luka.Auth", "{E44AA8E0-EB11-4B4F-BE50-F6D3D6302DB6}"
EndProject
Project("{2150E333-8FDC-42A3-9474-1A3956D46DE8}") = "src", "src", "{E01D63BB-6A62-4B8B-B983-E538366E4E71}"
EndProject
Project("{FAE04EC0-301F-11D3-BF4B-00C04F79EFBC}") = "Luka.Auth", "src\Luka.Auth\src\Luka.Auth\Luka.Auth.csproj", "{832E6C6F-AC21-448F-814D-5058CD27A786}"
EndProject
Project("{2150E333-8FDC-42A3-9474-1A3956D46DE8}") = "Samples", "Samples", "{FD78ACDA-A496-400A-BA40-205C5EDFCB29}"
EndProject
Project("{FAE04EC0-301F-11D3-BF4B-00C04F79EFBC}") = "Lukachi.Services.Users", "samples\Lukachi.Services.Users\Lukachi.Services.Users.csproj", "{E0C028F0-658E-4822-B372-ECC2D800F391}"
EndProject
Project("{2150E333-8FDC-42A3-9474-1A3956D46DE8}") = "Luka.Persistence.Postgre", "Luka.Persistence.Postgre", "{CEFA2858-EB78-48A3-AB12-4A9388B3886C}"
EndProject
Project("{2150E333-8FDC-42A3-9474-1A3956D46DE8}") = "src", "src", "{04D90948-ECCD-49BC-AB4F-5B7A094C7332}"
EndProject
Project("{FAE04EC0-301F-11D3-BF4B-00C04F79EFBC}") = "Luka.Persistence.Postgre", "src\Luka.Persistence.Postgre\src\Luka.Persistence.Postgre\Luka.Persistence.Postgre.csproj", "{9A868A5B-6D5F-4275-A816-2D7666BDED20}"
EndProject
Project("{2150E333-8FDC-42A3-9474-1A3956D46DE8}") = "Luka.CQRS.Queries", "Luka.CQRS.Queries", "{2947605E-9839-4389-AD0E-437C209A3D91}"
EndProject
Project("{2150E333-8FDC-42A3-9474-1A3956D46DE8}") = "src", "src", "{C332E246-E118-4666-BE33-B626F21C4CE6}"
EndProject
Project("{FAE04EC0-301F-11D3-BF4B-00C04F79EFBC}") = "Luka.CQRS.Queries", "src\Luka.CQRS.Queries\src\Luka.CQRS.Queries\Luka.CQRS.Queries.csproj", "{358C5C1E-0750-4618-BAE0-C65DD16E103C}"
EndProject
Project("{2150E333-8FDC-42A3-9474-1A3956D46DE8}") = "Luka.Docs.Swagger", "Luka.Docs.Swagger", "{4EFE1B8A-7D99-4723-974E-C28455B2BC9A}"
EndProject
Project("{2150E333-8FDC-42A3-9474-1A3956D46DE8}") = "src", "src", "{826CADC0-32CB-4E9C-8422-7C73928E0027}"
EndProject
Project("{FAE04EC0-301F-11D3-BF4B-00C04F79EFBC}") = "Luka.Docs.Swagger", "src\Luka.Docs.Swagger\src\Luka.Docs.Swagger\Luka.Docs.Swagger.csproj", "{231A2F3B-F8CD-4E0A-BBE0-244D13D4365C}"
EndProject
Project("{2150E333-8FDC-42A3-9474-1A3956D46DE8}") = "Luka.Persistence.MongoDB", "Luka.Persistence.MongoDB", "{4E2750F9-54B3-4024-AC05-A3997811CB24}"
EndProject
Project("{2150E333-8FDC-42A3-9474-1A3956D46DE8}") = "src", "src", "{D9EAF6EA-7195-48E6-96A1-03B7EB0F9416}"
EndProject
Project("{FAE04EC0-301F-11D3-BF4B-00C04F79EFBC}") = "Luka.Persistence.MongoDB", "src\Luka.Persistence.MongoDB\src\Luka.Persistence.MongoDB\Luka.Persistence.MongoDB.csproj", "{8083C809-DB9F-4C9A-A0A1-A2554F57A754}"
EndProject
Project("{2150E333-8FDC-42A3-9474-1A3956D46DE8}") = "Luka.Secrets.Vault", "Luka.Secrets.Vault", "{FF850D11-AFEF-498D-9DF0-89DBF6617D03}"
EndProject
Project("{2150E333-8FDC-42A3-9474-1A3956D46DE8}") = "src", "src", "{DDD03C68-59A0-4E07-88EF-20A64CA0576D}"
EndProject
Project("{FAE04EC0-301F-11D3-BF4B-00C04F79EFBC}") = "Luka.Secrets.Vault", "src\Luka.Secrets.Vault\src\Luka.Secrets.Vault\Luka.Secrets.Vault.csproj", "{AE08D4A5-3A5C-44BC-B9C2-DDDD01C198E6}"
EndProject
Project("{2150E333-8FDC-42A3-9474-1A3956D46DE8}") = "Luka.Persistence.Redis", "Luka.Persistence.Redis", "{B977D878-05C8-4EDC-A123-038BCCC8FF84}"
EndProject
Project("{2150E333-8FDC-42A3-9474-1A3956D46DE8}") = "src", "src", "{C09CCFF4-3741-43D1-A60E-B910A5E5AD74}"
EndProject
Project("{FAE04EC0-301F-11D3-BF4B-00C04F79EFBC}") = "Luka.Persistence.Redis", "src\Luka.Persistence.Redis\src\Luka.Persistence.Redis\Luka.Persistence.Redis.csproj", "{96DC0F3E-9D6C-47AD-BF16-1E4AC40AE290}"
EndProject
Global
	GlobalSection(SolutionConfigurationPlatforms) = preSolution
		Debug|Any CPU = Debug|Any CPU
		Release|Any CPU = Release|Any CPU
	EndGlobalSection
	GlobalSection(ProjectConfigurationPlatforms) = postSolution
		{972B65A1-D89C-4CCC-AB61-F6267CF2D493}.Debug|Any CPU.ActiveCfg = Debug|Any CPU
		{972B65A1-D89C-4CCC-AB61-F6267CF2D493}.Debug|Any CPU.Build.0 = Debug|Any CPU
		{972B65A1-D89C-4CCC-AB61-F6267CF2D493}.Release|Any CPU.ActiveCfg = Release|Any CPU
		{972B65A1-D89C-4CCC-AB61-F6267CF2D493}.Release|Any CPU.Build.0 = Release|Any CPU
		{832E6C6F-AC21-448F-814D-5058CD27A786}.Debug|Any CPU.ActiveCfg = Debug|Any CPU
		{832E6C6F-AC21-448F-814D-5058CD27A786}.Debug|Any CPU.Build.0 = Debug|Any CPU
		{832E6C6F-AC21-448F-814D-5058CD27A786}.Release|Any CPU.ActiveCfg = Release|Any CPU
		{832E6C6F-AC21-448F-814D-5058CD27A786}.Release|Any CPU.Build.0 = Release|Any CPU
		{E0C028F0-658E-4822-B372-ECC2D800F391}.Debug|Any CPU.ActiveCfg = Debug|Any CPU
		{E0C028F0-658E-4822-B372-ECC2D800F391}.Debug|Any CPU.Build.0 = Debug|Any CPU
		{E0C028F0-658E-4822-B372-ECC2D800F391}.Release|Any CPU.ActiveCfg = Release|Any CPU
		{E0C028F0-658E-4822-B372-ECC2D800F391}.Release|Any CPU.Build.0 = Release|Any CPU
		{9A868A5B-6D5F-4275-A816-2D7666BDED20}.Debug|Any CPU.ActiveCfg = Debug|Any CPU
		{9A868A5B-6D5F-4275-A816-2D7666BDED20}.Debug|Any CPU.Build.0 = Debug|Any CPU
		{9A868A5B-6D5F-4275-A816-2D7666BDED20}.Release|Any CPU.ActiveCfg = Release|Any CPU
		{9A868A5B-6D5F-4275-A816-2D7666BDED20}.Release|Any CPU.Build.0 = Release|Any CPU
		{358C5C1E-0750-4618-BAE0-C65DD16E103C}.Debug|Any CPU.ActiveCfg = Debug|Any CPU
		{358C5C1E-0750-4618-BAE0-C65DD16E103C}.Debug|Any CPU.Build.0 = Debug|Any CPU
		{358C5C1E-0750-4618-BAE0-C65DD16E103C}.Release|Any CPU.ActiveCfg = Release|Any CPU
		{358C5C1E-0750-4618-BAE0-C65DD16E103C}.Release|Any CPU.Build.0 = Release|Any CPU
		{231A2F3B-F8CD-4E0A-BBE0-244D13D4365C}.Debug|Any CPU.ActiveCfg = Debug|Any CPU
		{231A2F3B-F8CD-4E0A-BBE0-244D13D4365C}.Debug|Any CPU.Build.0 = Debug|Any CPU
		{231A2F3B-F8CD-4E0A-BBE0-244D13D4365C}.Release|Any CPU.ActiveCfg = Release|Any CPU
		{231A2F3B-F8CD-4E0A-BBE0-244D13D4365C}.Release|Any CPU.Build.0 = Release|Any CPU
		{8083C809-DB9F-4C9A-A0A1-A2554F57A754}.Debug|Any CPU.ActiveCfg = Debug|Any CPU
		{8083C809-DB9F-4C9A-A0A1-A2554F57A754}.Debug|Any CPU.Build.0 = Debug|Any CPU
		{8083C809-DB9F-4C9A-A0A1-A2554F57A754}.Release|Any CPU.ActiveCfg = Release|Any CPU
		{8083C809-DB9F-4C9A-A0A1-A2554F57A754}.Release|Any CPU.Build.0 = Release|Any CPU
		{AE08D4A5-3A5C-44BC-B9C2-DDDD01C198E6}.Debug|Any CPU.ActiveCfg = Debug|Any CPU
		{AE08D4A5-3A5C-44BC-B9C2-DDDD01C198E6}.Debug|Any CPU.Build.0 = Debug|Any CPU
		{AE08D4A5-3A5C-44BC-B9C2-DDDD01C198E6}.Release|Any CPU.ActiveCfg = Release|Any CPU
		{AE08D4A5-3A5C-44BC-B9C2-DDDD01C198E6}.Release|Any CPU.Build.0 = Release|Any CPU
		{80599082-6B2C-4252-A634-3E4C0D85147C}.Debug|Any CPU.ActiveCfg = Debug|Any CPU
		{80599082-6B2C-4252-A634-3E4C0D85147C}.Debug|Any CPU.Build.0 = Debug|Any CPU
		{80599082-6B2C-4252-A634-3E4C0D85147C}.Release|Any CPU.ActiveCfg = Release|Any CPU
		{80599082-6B2C-4252-A634-3E4C0D85147C}.Release|Any CPU.Build.0 = Release|Any CPU
		{96DC0F3E-9D6C-47AD-BF16-1E4AC40AE290}.Debug|Any CPU.ActiveCfg = Debug|Any CPU
		{96DC0F3E-9D6C-47AD-BF16-1E4AC40AE290}.Debug|Any CPU.Build.0 = Debug|Any CPU
		{96DC0F3E-9D6C-47AD-BF16-1E4AC40AE290}.Release|Any CPU.ActiveCfg = Release|Any CPU
		{96DC0F3E-9D6C-47AD-BF16-1E4AC40AE290}.Release|Any CPU.Build.0 = Release|Any CPU
	EndGlobalSection
	GlobalSection(NestedProjects) = preSolution
		{36A42853-9775-4C9F-9215-DB9D9B52573C} = {383FF641-093B-4469-BB98-96A82081736C}
		{ACAF0384-843C-4ED8-9F2C-96C8DB393BA1} = {36A42853-9775-4C9F-9215-DB9D9B52573C}
		{972B65A1-D89C-4CCC-AB61-F6267CF2D493} = {ACAF0384-843C-4ED8-9F2C-96C8DB393BA1}
		{E44AA8E0-EB11-4B4F-BE50-F6D3D6302DB6} = {383FF641-093B-4469-BB98-96A82081736C}
		{E01D63BB-6A62-4B8B-B983-E538366E4E71} = {E44AA8E0-EB11-4B4F-BE50-F6D3D6302DB6}
		{832E6C6F-AC21-448F-814D-5058CD27A786} = {E01D63BB-6A62-4B8B-B983-E538366E4E71}
		{E0C028F0-658E-4822-B372-ECC2D800F391} = {FD78ACDA-A496-400A-BA40-205C5EDFCB29}
		{CEFA2858-EB78-48A3-AB12-4A9388B3886C} = {383FF641-093B-4469-BB98-96A82081736C}
		{04D90948-ECCD-49BC-AB4F-5B7A094C7332} = {CEFA2858-EB78-48A3-AB12-4A9388B3886C}
		{9A868A5B-6D5F-4275-A816-2D7666BDED20} = {04D90948-ECCD-49BC-AB4F-5B7A094C7332}
		{2947605E-9839-4389-AD0E-437C209A3D91} = {383FF641-093B-4469-BB98-96A82081736C}
		{C332E246-E118-4666-BE33-B626F21C4CE6} = {2947605E-9839-4389-AD0E-437C209A3D91}
		{358C5C1E-0750-4618-BAE0-C65DD16E103C} = {C332E246-E118-4666-BE33-B626F21C4CE6}
		{4EFE1B8A-7D99-4723-974E-C28455B2BC9A} = {383FF641-093B-4469-BB98-96A82081736C}
		{826CADC0-32CB-4E9C-8422-7C73928E0027} = {4EFE1B8A-7D99-4723-974E-C28455B2BC9A}
		{231A2F3B-F8CD-4E0A-BBE0-244D13D4365C} = {826CADC0-32CB-4E9C-8422-7C73928E0027}
		{4E2750F9-54B3-4024-AC05-A3997811CB24} = {383FF641-093B-4469-BB98-96A82081736C}
		{D9EAF6EA-7195-48E6-96A1-03B7EB0F9416} = {4E2750F9-54B3-4024-AC05-A3997811CB24}
		{8083C809-DB9F-4C9A-A0A1-A2554F57A754} = {D9EAF6EA-7195-48E6-96A1-03B7EB0F9416}
		{FF850D11-AFEF-498D-9DF0-89DBF6617D03} = {383FF641-093B-4469-BB98-96A82081736C}
		{DDD03C68-59A0-4E07-88EF-20A64CA0576D} = {FF850D11-AFEF-498D-9DF0-89DBF6617D03}
		{AE08D4A5-3A5C-44BC-B9C2-DDDD01C198E6} = {DDD03C68-59A0-4E07-88EF-20A64CA0576D}
		{B977D878-05C8-4EDC-A123-038BCCC8FF84} = {383FF641-093B-4469-BB98-96A82081736C}
		{C09CCFF4-3741-43D1-A60E-B910A5E5AD74} = {B977D878-05C8-4EDC-A123-038BCCC8FF84}
		{96DC0F3E-9D6C-47AD-BF16-1E4AC40AE290} = {C09CCFF4-3741-43D1-A60E-B910A5E5AD74}
	EndGlobalSection
EndGlobal
